// !$*UTF8*$!
{
	archiveVersion = 1;
	classes = {
	};
	objectVersion = 56;
	objects = {

/* Begin PBXBuildFile section */
		CF0FFCCD2BEFAD5000224F7B /* SwiftUI_Weather_TutorialApp.swift in Sources */ = {isa = PBXBuildFile; fileRef = CF0FFCCC2BEFAD5000224F7B /* SwiftUI_Weather_TutorialApp.swift */; };
		CF0FFCCF2BEFAD5000224F7B /* ContentView.swift in Sources */ = {isa = PBXBuildFile; fileRef = CF0FFCCE2BEFAD5000224F7B /* ContentView.swift */; };
		CF0FFCD12BEFAD5100224F7B /* Assets.xcassets in Resources */ = {isa = PBXBuildFile; fileRef = CF0FFCD02BEFAD5100224F7B /* Assets.xcassets */; };
		CF0FFCD42BEFAD5100224F7B /* Preview Assets.xcassets in Resources */ = {isa = PBXBuildFile; fileRef = CF0FFCD32BEFAD5100224F7B /* Preview Assets.xcassets */; };
		CF0FFCDE2BEFAD5100224F7B /* SwiftUI_Weather_TutorialTests.swift in Sources */ = {isa = PBXBuildFile; fileRef = CF0FFCDD2BEFAD5100224F7B /* SwiftUI_Weather_TutorialTests.swift */; };
		CF0FFCE82BEFAD5100224F7B /* SwiftUI_Weather_TutorialUITests.swift in Sources */ = {isa = PBXBuildFile; fileRef = CF0FFCE72BEFAD5100224F7B /* SwiftUI_Weather_TutorialUITests.swift */; };
		CF0FFCEA2BEFAD5100224F7B /* SwiftUI_Weather_TutorialUITestsLaunchTests.swift in Sources */ = {isa = PBXBuildFile; fileRef = CF0FFCE92BEFAD5100224F7B /* SwiftUI_Weather_TutorialUITestsLaunchTests.swift */; };
		CF0FFCF72BEFC11500224F7B /* WeatherButton.swift in Sources */ = {isa = PBXBuildFile; fileRef = CF0FFCF62BEFC11500224F7B /* WeatherButton.swift */; };
/* End PBXBuildFile section */

/* Begin PBXContainerItemProxy section */
		CF0FFCDA2BEFAD5100224F7B /* PBXContainerItemProxy */ = {
			isa = PBXContainerItemProxy;
			containerPortal = CF0FFCC12BEFAD5000224F7B /* Project object */;
			proxyType = 1;
			remoteGlobalIDString = CF0FFCC82BEFAD5000224F7B;
			remoteInfo = "SwiftUI-Weather-Tutorial";
		};
		CF0FFCE42BEFAD5100224F7B /* PBXContainerItemProxy */ = {
			isa = PBXContainerItemProxy;
			containerPortal = CF0FFCC12BEFAD5000224F7B /* Project object */;
			proxyType = 1;
			remoteGlobalIDString = CF0FFCC82BEFAD5000224F7B;
			remoteInfo = "SwiftUI-Weather-Tutorial";
		};
/* End PBXContainerItemProxy section */

/* Begin PBXFileReference section */
		CF0FFCC92BEFAD5000224F7B /* SwiftUI-Weather-Tutorial.app */ = {isa = PBXFileReference; explicitFileType = wrapper.application; includeInIndex = 0; path = "SwiftUI-Weather-Tutorial.app"; sourceTree = BUILT_PRODUCTS_DIR; };
		CF0FFCCC2BEFAD5000224F7B /* SwiftUI_Weather_TutorialApp.swift */ = {isa = PBXFileReference; lastKnownFileType = sourcecode.swift; path = SwiftUI_Weather_TutorialApp.swift; sourceTree = "<group>"; };
		CF0FFCCE2BEFAD5000224F7B /* ContentView.swift */ = {isa = PBXFileReference; lastKnownFileType = sourcecode.swift; path = ContentView.swift; sourceTree = "<group>"; };
		CF0FFCD02BEFAD5100224F7B /* Assets.xcassets */ = {isa = PBXFileReference; lastKnownFileType = folder.assetcatalog; path = Assets.xcassets; sourceTree = "<group>"; };
		CF0FFCD32BEFAD5100224F7B /* Preview Assets.xcassets */ = {isa = PBXFileReference; lastKnownFileType = folder.assetcatalog; path = "Preview Assets.xcassets"; sourceTree = "<group>"; };
		CF0FFCD92BEFAD5100224F7B /* SwiftUI-Weather-TutorialTests.xctest */ = {isa = PBXFileReference; explicitFileType = wrapper.cfbundle; includeInIndex = 0; path = "SwiftUI-Weather-TutorialTests.xctest"; sourceTree = BUILT_PRODUCTS_DIR; };
		CF0FFCDD2BEFAD5100224F7B /* SwiftUI_Weather_TutorialTests.swift */ = {isa = PBXFileReference; lastKnownFileType = sourcecode.swift; path = SwiftUI_Weather_TutorialTests.swift; sourceTree = "<group>"; };
		CF0FFCE32BEFAD5100224F7B /* SwiftUI-Weather-TutorialUITests.xctest */ = {isa = PBXFileReference; explicitFileType = wrapper.cfbundle; includeInIndex = 0; path = "SwiftUI-Weather-TutorialUITests.xctest"; sourceTree = BUILT_PRODUCTS_DIR; };
		CF0FFCE72BEFAD5100224F7B /* SwiftUI_Weather_TutorialUITests.swift */ = {isa = PBXFileReference; lastKnownFileType = sourcecode.swift; path = SwiftUI_Weather_TutorialUITests.swift; sourceTree = "<group>"; };
		CF0FFCE92BEFAD5100224F7B /* SwiftUI_Weather_TutorialUITestsLaunchTests.swift */ = {isa = PBXFileReference; lastKnownFileType = sourcecode.swift; path = SwiftUI_Weather_TutorialUITestsLaunchTests.swift; sourceTree = "<group>"; };
		CF0FFCF62BEFC11500224F7B /* WeatherButton.swift */ = {isa = PBXFileReference; lastKnownFileType = sourcecode.swift; path = WeatherButton.swift; sourceTree = "<group>"; };
/* End PBXFileReference section */

/* Begin PBXFrameworksBuildPhase section */
		CF0FFCC62BEFAD5000224F7B /* Frameworks */ = {
			isa = PBXFrameworksBuildPhase;
			buildActionMask = 2147483647;
			files = (
			);
			runOnlyForDeploymentPostprocessing = 0;
		};
		CF0FFCD62BEFAD5100224F7B /* Frameworks */ = {
			isa = PBXFrameworksBuildPhase;
			buildActionMask = 2147483647;
			files = (
			);
			runOnlyForDeploymentPostprocessing = 0;
		};
		CF0FFCE02BEFAD5100224F7B /* Frameworks */ = {
			isa = PBXFrameworksBuildPhase;
			buildActionMask = 2147483647;
			files = (
			);
			runOnlyForDeploymentPostprocessing = 0;
		};
/* End PBXFrameworksBuildPhase section */

/* Begin PBXGroup section */
		CF0FFCC02BEFAD5000224F7B = {
			isa = PBXGroup;
			children = (
				CF0FFCCB2BEFAD5000224F7B /* SwiftUI-Weather-Tutorial */,
				CF0FFCDC2BEFAD5100224F7B /* SwiftUI-Weather-TutorialTests */,
				CF0FFCE62BEFAD5100224F7B /* SwiftUI-Weather-TutorialUITests */,
				CF0FFCCA2BEFAD5000224F7B /* Products */,
			);
			sourceTree = "<group>";
		};
		CF0FFCCA2BEFAD5000224F7B /* Products */ = {
			isa = PBXGroup;
			children = (
				CF0FFCC92BEFAD5000224F7B /* SwiftUI-Weather-Tutorial.app */,
				CF0FFCD92BEFAD5100224F7B /* SwiftUI-Weather-TutorialTests.xctest */,
				CF0FFCE32BEFAD5100224F7B /* SwiftUI-Weather-TutorialUITests.xctest */,
			);
			name = Products;
			sourceTree = "<group>";
		};
		CF0FFCCB2BEFAD5000224F7B /* SwiftUI-Weather-Tutorial */ = {
			isa = PBXGroup;
			children = (
				CF0FFCCC2BEFAD5000224F7B /* SwiftUI_Weather_TutorialApp.swift */,
				CF0FFCCE2BEFAD5000224F7B /* ContentView.swift */,
				CF0FFCD02BEFAD5100224F7B /* Assets.xcassets */,
				CF0FFCD22BEFAD5100224F7B /* Preview Content */,
				CF0FFCF62BEFC11500224F7B /* WeatherButton.swift */,
			);
			path = "SwiftUI-Weather-Tutorial";
			sourceTree = "<group>";
		};
		CF0FFCD22BEFAD5100224F7B /* Preview Content */ = {
			isa = PBXGroup;
			children = (
				CF0FFCD32BEFAD5100224F7B /* Preview Assets.xcassets */,
			);
			path = "Preview Content";
			sourceTree = "<group>";
		};
		CF0FFCDC2BEFAD5100224F7B /* SwiftUI-Weather-TutorialTests */ = {
			isa = PBXGroup;
			children = (
				CF0FFCDD2BEFAD5100224F7B /* SwiftUI_Weather_TutorialTests.swift */,
			);
			path = "SwiftUI-Weather-TutorialTests";
			sourceTree = "<group>";
		};
		CF0FFCE62BEFAD5100224F7B /* SwiftUI-Weather-TutorialUITests */ = {
			isa = PBXGroup;
			children = (
				CF0FFCE72BEFAD5100224F7B /* SwiftUI_Weather_TutorialUITests.swift */,
				CF0FFCE92BEFAD5100224F7B /* SwiftUI_Weather_TutorialUITestsLaunchTests.swift */,
			);
			path = "SwiftUI-Weather-TutorialUITests";
			sourceTree = "<group>";
		};
/* End PBXGroup section */

/* Begin PBXNativeTarget section */
		CF0FFCC82BEFAD5000224F7B /* SwiftUI-Weather-Tutorial */ = {
			isa = PBXNativeTarget;
			buildConfigurationList = CF0FFCED2BEFAD5100224F7B /* Build configuration list for PBXNativeTarget "SwiftUI-Weather-Tutorial" */;
			buildPhases = (
				CF0FFCC52BEFAD5000224F7B /* Sources */,
				CF0FFCC62BEFAD5000224F7B /* Frameworks */,
				CF0FFCC72BEFAD5000224F7B /* Resources */,
			);
			buildRules = (
			);
			dependencies = (
			);
			name = "SwiftUI-Weather-Tutorial";
			productName = "SwiftUI-Weather-Tutorial";
			productReference = CF0FFCC92BEFAD5000224F7B /* SwiftUI-Weather-Tutorial.app */;
			productType = "com.apple.product-type.application";
		};
		CF0FFCD82BEFAD5100224F7B /* SwiftUI-Weather-TutorialTests */ = {
			isa = PBXNativeTarget;
			buildConfigurationList = CF0FFCF02BEFAD5100224F7B /* Build configuration list for PBXNativeTarget "SwiftUI-Weather-TutorialTests" */;
			buildPhases = (
				CF0FFCD52BEFAD5100224F7B /* Sources */,
				CF0FFCD62BEFAD5100224F7B /* Frameworks */,
				CF0FFCD72BEFAD5100224F7B /* Resources */,
			);
			buildRules = (
			);
			dependencies = (
				CF0FFCDB2BEFAD5100224F7B /* PBXTargetDependency */,
			);
			name = "SwiftUI-Weather-TutorialTests";
			productName = "SwiftUI-Weather-TutorialTests";
			productReference = CF0FFCD92BEFAD5100224F7B /* SwiftUI-Weather-TutorialTests.xctest */;
			productType = "com.apple.product-type.bundle.unit-test";
		};
		CF0FFCE22BEFAD5100224F7B /* SwiftUI-Weather-TutorialUITests */ = {
			isa = PBXNativeTarget;
			buildConfigurationList = CF0FFCF32BEFAD5100224F7B /* Build configuration list for PBXNativeTarget "SwiftUI-Weather-TutorialUITests" */;
			buildPhases = (
				CF0FFCDF2BEFAD5100224F7B /* Sources */,
				CF0FFCE02BEFAD5100224F7B /* Frameworks */,
				CF0FFCE12BEFAD5100224F7B /* Resources */,
			);
			buildRules = (
			);
			dependencies = (
				CF0FFCE52BEFAD5100224F7B /* PBXTargetDependency */,
			);
			name = "SwiftUI-Weather-TutorialUITests";
			productName = "SwiftUI-Weather-TutorialUITests";
			productReference = CF0FFCE32BEFAD5100224F7B /* SwiftUI-Weather-TutorialUITests.xctest */;
			productType = "com.apple.product-type.bundle.ui-testing";
		};
/* End PBXNativeTarget section */

/* Begin PBXProject section */
		CF0FFCC12BEFAD5000224F7B /* Project object */ = {
			isa = PBXProject;
			attributes = {
				BuildIndependentTargetsInParallel = 1;
				LastSwiftUpdateCheck = 1530;
				LastUpgradeCheck = 1530;
				TargetAttributes = {
					CF0FFCC82BEFAD5000224F7B = {
						CreatedOnToolsVersion = 15.3;
					};
					CF0FFCD82BEFAD5100224F7B = {
						CreatedOnToolsVersion = 15.3;
						TestTargetID = CF0FFCC82BEFAD5000224F7B;
					};
					CF0FFCE22BEFAD5100224F7B = {
						CreatedOnToolsVersion = 15.3;
						TestTargetID = CF0FFCC82BEFAD5000224F7B;
					};
				};
			};
			buildConfigurationList = CF0FFCC42BEFAD5000224F7B /* Build configuration list for PBXProject "SwiftUI-Weather-Tutorial" */;
			compatibilityVersion = "Xcode 14.0";
			developmentRegion = en;
			hasScannedForEncodings = 0;
			knownRegions = (
				en,
				Base,
			);
			mainGroup = CF0FFCC02BEFAD5000224F7B;
			productRefGroup = CF0FFCCA2BEFAD5000224F7B /* Products */;
			projectDirPath = "";
			projectRoot = "";
			targets = (
				CF0FFCC82BEFAD5000224F7B /* SwiftUI-Weather-Tutorial */,
				CF0FFCD82BEFAD5100224F7B /* SwiftUI-Weather-TutorialTests */,
				CF0FFCE22BEFAD5100224F7B /* SwiftUI-Weather-TutorialUITests */,
			);
		};
/* End PBXProject section */

/* Begin PBXResourcesBuildPhase section */
		CF0FFCC72BEFAD5000224F7B /* Resources */ = {
			isa = PBXResourcesBuildPhase;
			buildActionMask = 2147483647;
			files = (
				CF0FFCD42BEFAD5100224F7B /* Preview Assets.xcassets in Resources */,
				CF0FFCD12BEFAD5100224F7B /* Assets.xcassets in Resources */,
			);
			runOnlyForDeploymentPostprocessing = 0;
		};
		CF0FFCD72BEFAD5100224F7B /* Resources */ = {
			isa = PBXResourcesBuildPhase;
			buildActionMask = 2147483647;
			files = (
			);
			runOnlyForDeploymentPostprocessing = 0;
		};
		CF0FFCE12BEFAD5100224F7B /* Resources */ = {
			isa = PBXResourcesBuildPhase;
			buildActionMask = 2147483647;
			files = (
			);
			runOnlyForDeploymentPostprocessing = 0;
		};
/* End PBXResourcesBuildPhase section */

/* Begin PBXSourcesBuildPhase section */
		CF0FFCC52BEFAD5000224F7B /* Sources */ = {
			isa = PBXSourcesBuildPhase;
			buildActionMask = 2147483647;
			files = (
				CF0FFCCF2BEFAD5000224F7B /* ContentView.swift in Sources */,
				CF0FFCCD2BEFAD5000224F7B /* SwiftUI_Weather_TutorialApp.swift in Sources */,
				CF0FFCF72BEFC11500224F7B /* WeatherButton.swift in Sources */,
			);
			runOnlyForDeploymentPostprocessing = 0;
		};
		CF0FFCD52BEFAD5100224F7B /* Sources */ = {
			isa = PBXSourcesBuildPhase;
			buildActionMask = 2147483647;
			files = (
				CF0FFCDE2BEFAD5100224F7B /* SwiftUI_Weather_TutorialTests.swift in Sources */,
			);
			runOnlyForDeploymentPostprocessing = 0;
		};
		CF0FFCDF2BEFAD5100224F7B /* Sources */ = {
			isa = PBXSourcesBuildPhase;
			buildActionMask = 2147483647;
			files = (
				CF0FFCE82BEFAD5100224F7B /* SwiftUI_Weather_TutorialUITests.swift in Sources */,
				CF0FFCEA2BEFAD5100224F7B /* SwiftUI_Weather_TutorialUITestsLaunchTests.swift in Sources */,
			);
			runOnlyForDeploymentPostprocessing = 0;
		};
/* End PBXSourcesBuildPhase section */

/* Begin PBXTargetDependency section */
		CF0FFCDB2BEFAD5100224F7B /* PBXTargetDependency */ = {
			isa = PBXTargetDependency;
			target = CF0FFCC82BEFAD5000224F7B /* SwiftUI-Weather-Tutorial */;
			targetProxy = CF0FFCDA2BEFAD5100224F7B /* PBXContainerItemProxy */;
		};
		CF0FFCE52BEFAD5100224F7B /* PBXTargetDependency */ = {
			isa = PBXTargetDependency;
			target = CF0FFCC82BEFAD5000224F7B /* SwiftUI-Weather-Tutorial */;
			targetProxy = CF0FFCE42BEFAD5100224F7B /* PBXContainerItemProxy */;
		};
/* End PBXTargetDependency section */

/* Begin XCBuildConfiguration section */
		CF0FFCEB2BEFAD5100224F7B /* Debug */ = {
			isa = XCBuildConfiguration;
			buildSettings = {
				ALWAYS_SEARCH_USER_PATHS = NO;
				ASSETCATALOG_COMPILER_GENERATE_SWIFT_ASSET_SYMBOL_EXTENSIONS = YES;
				CLANG_ANALYZER_NONNULL = YES;
				CLANG_ANALYZER_NUMBER_OBJECT_CONVERSION = YES_AGGRESSIVE;
				CLANG_CXX_LANGUAGE_STANDARD = "gnu++20";
				CLANG_ENABLE_MODULES = YES;
				CLANG_ENABLE_OBJC_ARC = YES;
				CLANG_ENABLE_OBJC_WEAK = YES;
				CLANG_WARN_BLOCK_CAPTURE_AUTORELEASING = YES;
				CLANG_WARN_BOOL_CONVERSION = YES;
				CLANG_WARN_COMMA = YES;
				CLANG_WARN_CONSTANT_CONVERSION = YES;
				CLANG_WARN_DEPRECATED_OBJC_IMPLEMENTATIONS = YES;
				CLANG_WARN_DIRECT_OBJC_ISA_USAGE = YES_ERROR;
				CLANG_WARN_DOCUMENTATION_COMMENTS = YES;
				CLANG_WARN_EMPTY_BODY = YES;
				CLANG_WARN_ENUM_CONVERSION = YES;
				CLANG_WARN_INFINITE_RECURSION = YES;
				CLANG_WARN_INT_CONVERSION = YES;
				CLANG_WARN_NON_LITERAL_NULL_CONVERSION = YES;
				CLANG_WARN_OBJC_IMPLICIT_RETAIN_SELF = YES;
				CLANG_WARN_OBJC_LITERAL_CONVERSION = YES;
				CLANG_WARN_OBJC_ROOT_CLASS = YES_ERROR;
				CLANG_WARN_QUOTED_INCLUDE_IN_FRAMEWORK_HEADER = YES;
				CLANG_WARN_RANGE_LOOP_ANALYSIS = YES;
				CLANG_WARN_STRICT_PROTOTYPES = YES;
				CLANG_WARN_SUSPICIOUS_MOVE = YES;
				CLANG_WARN_UNGUARDED_AVAILABILITY = YES_AGGRESSIVE;
				CLANG_WARN_UNREACHABLE_CODE = YES;
				CLANG_WARN__DUPLICATE_METHOD_MATCH = YES;
				COPY_PHASE_STRIP = NO;
				DEBUG_INFORMATION_FORMAT = dwarf;
				ENABLE_STRICT_OBJC_MSGSEND = YES;
				ENABLE_TESTABILITY = YES;
				ENABLE_USER_SCRIPT_SANDBOXING = YES;
				GCC_C_LANGUAGE_STANDARD = gnu17;
				GCC_DYNAMIC_NO_PIC = NO;
				GCC_NO_COMMON_BLOCKS = YES;
				GCC_OPTIMIZATION_LEVEL = 0;
				GCC_PREPROCESSOR_DEFINITIONS = (
					"DEBUG=1",
					"$(inherited)",
				);
				GCC_WARN_64_TO_32_BIT_CONVERSION = YES;
				GCC_WARN_ABOUT_RETURN_TYPE = YES_ERROR;
				GCC_WARN_UNDECLARED_SELECTOR = YES;
				GCC_WARN_UNINITIALIZED_AUTOS = YES_AGGRESSIVE;
				GCC_WARN_UNUSED_FUNCTION = YES;
				GCC_WARN_UNUSED_VARIABLE = YES;
				IPHONEOS_DEPLOYMENT_TARGET = 17.4;
				LOCALIZATION_PREFERS_STRING_CATALOGS = YES;
				MTL_ENABLE_DEBUG_INFO = INCLUDE_SOURCE;
				MTL_FAST_MATH = YES;
				ONLY_ACTIVE_ARCH = YES;
				SDKROOT = iphoneos;
				SWIFT_ACTIVE_COMPILATION_CONDITIONS = "DEBUG $(inherited)";
				SWIFT_OPTIMIZATION_LEVEL = "-Onone";
			};
			name = Debug;
		};
		CF0FFCEC2BEFAD5100224F7B /* Release */ = {
			isa = XCBuildConfiguration;
			buildSettings = {
				ALWAYS_SEARCH_USER_PATHS = NO;
				ASSETCATALOG_COMPILER_GENERATE_SWIFT_ASSET_SYMBOL_EXTENSIONS = YES;
				CLANG_ANALYZER_NONNULL = YES;
				CLANG_ANALYZER_NUMBER_OBJECT_CONVERSION = YES_AGGRESSIVE;
				CLANG_CXX_LANGUAGE_STANDARD = "gnu++20";
				CLANG_ENABLE_MODULES = YES;
				CLANG_ENABLE_OBJC_ARC = YES;
				CLANG_ENABLE_OBJC_WEAK = YES;
				CLANG_WARN_BLOCK_CAPTURE_AUTORELEASING = YES;
				CLANG_WARN_BOOL_CONVERSION = YES;
				CLANG_WARN_COMMA = YES;
				CLANG_WARN_CONSTANT_CONVERSION = YES;
				CLANG_WARN_DEPRECATED_OBJC_IMPLEMENTATIONS = YES;
				CLANG_WARN_DIRECT_OBJC_ISA_USAGE = YES_ERROR;
				CLANG_WARN_DOCUMENTATION_COMMENTS = YES;
				CLANG_WARN_EMPTY_BODY = YES;
				CLANG_WARN_ENUM_CONVERSION = YES;
				CLANG_WARN_INFINITE_RECURSION = YES;
				CLANG_WARN_INT_CONVERSION = YES;
				CLANG_WARN_NON_LITERAL_NULL_CONVERSION = YES;
				CLANG_WARN_OBJC_IMPLICIT_RETAIN_SELF = YES;
				CLANG_WARN_OBJC_LITERAL_CONVERSION = YES;
				CLANG_WARN_OBJC_ROOT_CLASS = YES_ERROR;
				CLANG_WARN_QUOTED_INCLUDE_IN_FRAMEWORK_HEADER = YES;
				CLANG_WARN_RANGE_LOOP_ANALYSIS = YES;
				CLANG_WARN_STRICT_PROTOTYPES = YES;
				CLANG_WARN_SUSPICIOUS_MOVE = YES;
				CLANG_WARN_UNGUARDED_AVAILABILITY = YES_AGGRESSIVE;
				CLANG_WARN_UNREACHABLE_CODE = YES;
				CLANG_WARN__DUPLICATE_METHOD_MATCH = YES;
				COPY_PHASE_STRIP = NO;
				DEBUG_INFORMATION_FORMAT = "dwarf-with-dsym";
				ENABLE_NS_ASSERTIONS = NO;
				ENABLE_STRICT_OBJC_MSGSEND = YES;
				ENABLE_USER_SCRIPT_SANDBOXING = YES;
				GCC_C_LANGUAGE_STANDARD = gnu17;
				GCC_NO_COMMON_BLOCKS = YES;
				GCC_WARN_64_TO_32_BIT_CONVERSION = YES;
				GCC_WARN_ABOUT_RETURN_TYPE = YES_ERROR;
				GCC_WARN_UNDECLARED_SELECTOR = YES;
				GCC_WARN_UNINITIALIZED_AUTOS = YES_AGGRESSIVE;
				GCC_WARN_UNUSED_FUNCTION = YES;
				GCC_WARN_UNUSED_VARIABLE = YES;
				IPHONEOS_DEPLOYMENT_TARGET = 17.4;
				LOCALIZATION_PREFERS_STRING_CATALOGS = YES;
				MTL_ENABLE_DEBUG_INFO = NO;
				MTL_FAST_MATH = YES;
				SDKROOT = iphoneos;
				SWIFT_COMPILATION_MODE = wholemodule;
				VALIDATE_PRODUCT = YES;
			};
			name = Release;
		};
		CF0FFCEE2BEFAD5100224F7B /* Debug */ = {
			isa = XCBuildConfiguration;
			buildSettings = {
				ASSETCATALOG_COMPILER_APPICON_NAME = AppIcon;
				ASSETCATALOG_COMPILER_GLOBAL_ACCENT_COLOR_NAME = AccentColor;
				CODE_SIGN_STYLE = Automatic;
				CURRENT_PROJECT_VERSION = 1;
				DEVELOPMENT_ASSET_PATHS = "\"SwiftUI-Weather-Tutorial/Preview Content\"";
				ENABLE_PREVIEWS = YES;
				GENERATE_INFOPLIST_FILE = YES;
				INFOPLIST_KEY_UIApplicationSceneManifest_Generation = YES;
				INFOPLIST_KEY_UIApplicationSupportsIndirectInputEvents = YES;
				INFOPLIST_KEY_UILaunchScreen_Generation = YES;
				INFOPLIST_KEY_UISupportedInterfaceOrientations_iPad = "UIInterfaceOrientationPortrait UIInterfaceOrientationPortraitUpsideDown UIInterfaceOrientationLandscapeLeft UIInterfaceOrientationLandscapeRight";
				INFOPLIST_KEY_UISupportedInterfaceOrientations_iPhone = "UIInterfaceOrientationPortrait UIInterfaceOrientationLandscapeLeft UIInterfaceOrientationLandscapeRight";
				LD_RUNPATH_SEARCH_PATHS = (
					"$(inherited)",
					"@executable_path/Frameworks",
				);
				MARKETING_VERSION = 1.0;
				PRODUCT_BUNDLE_IDENTIFIER = "test.SwiftUI-Weather-Tutorial";
				PRODUCT_NAME = "$(TARGET_NAME)";
				SWIFT_EMIT_LOC_STRINGS = YES;
				SWIFT_VERSION = 5.0;
				TARGETED_DEVICE_FAMILY = "1,2";
			};
			name = Debug;
		};
		CF0FFCEF2BEFAD5100224F7B /* Release */ = {
			isa = XCBuildConfiguration;
			buildSettings = {
				ASSETCATALOG_COMPILER_APPICON_NAME = AppIcon;
				ASSETCATALOG_COMPILER_GLOBAL_ACCENT_COLOR_NAME = AccentColor;
				CODE_SIGN_STYLE = Automatic;
				CURRENT_PROJECT_VERSION = 1;
				DEVELOPMENT_ASSET_PATHS = "\"SwiftUI-Weather-Tutorial/Preview Content\"";
				ENABLE_PREVIEWS = YES;
				GENERATE_INFOPLIST_FILE = YES;
				INFOPLIST_KEY_UIApplicationSceneManifest_Generation = YES;
				INFOPLIST_KEY_UIApplicationSupportsIndirectInputEvents = YES;
				INFOPLIST_KEY_UILaunchScreen_Generation = YES;
				INFOPLIST_KEY_UISupportedInterfaceOrientations_iPad = "UIInterfaceOrientationPortrait UIInterfaceOrientationPortraitUpsideDown UIInterfaceOrientationLandscapeLeft UIInterfaceOrientationLandscapeRight";
				INFOPLIST_KEY_UISupportedInterfaceOrientations_iPhone = "UIInterfaceOrientationPortrait UIInterfaceOrientationLandscapeLeft UIInterfaceOrientationLandscapeRight";
				LD_RUNPATH_SEARCH_PATHS = (
					"$(inherited)",
					"@executable_path/Frameworks",
				);
				MARKETING_VERSION = 1.0;
				PRODUCT_BUNDLE_IDENTIFIER = "test.SwiftUI-Weather-Tutorial";
				PRODUCT_NAME = "$(TARGET_NAME)";
				SWIFT_EMIT_LOC_STRINGS = YES;
				SWIFT_VERSION = 5.0;
				TARGETED_DEVICE_FAMILY = "1,2";
			};
			name = Release;
		};
		CF0FFCF12BEFAD5100224F7B /* Debug */ = {
			isa = XCBuildConfiguration;
			buildSettings = {
				ALWAYS_EMBED_SWIFT_STANDARD_LIBRARIES = YES;
				BUNDLE_LOADER = "$(TEST_HOST)";
				CODE_SIGN_STYLE = Automatic;
				CURRENT_PROJECT_VERSION = 1;
				GENERATE_INFOPLIST_FILE = YES;
				IPHONEOS_DEPLOYMENT_TARGET = 17.4;
				MARKETING_VERSION = 1.0;
				PRODUCT_BUNDLE_IDENTIFIER = "test.SwiftUI-Weather-TutorialTests";
				PRODUCT_NAME = "$(TARGET_NAME)";
				SWIFT_EMIT_LOC_STRINGS = NO;
				SWIFT_VERSION = 5.0;
				TARGETED_DEVICE_FAMILY = "1,2";
				TEST_HOST = "$(BUILT_PRODUCTS_DIR)/SwiftUI-Weather-Tutorial.app/$(BUNDLE_EXECUTABLE_FOLDER_PATH)/SwiftUI-Weather-Tutorial";
			};
			name = Debug;
		};
		CF0FFCF22BEFAD5100224F7B /* Release */ = {
			isa = XCBuildConfiguration;
			buildSettings = {
				ALWAYS_EMBED_SWIFT_STANDARD_LIBRARIES = YES;
				BUNDLE_LOADER = "$(TEST_HOST)";
				CODE_SIGN_STYLE = Automatic;
				CURRENT_PROJECT_VERSION = 1;
				GENERATE_INFOPLIST_FILE = YES;
				IPHONEOS_DEPLOYMENT_TARGET = 17.4;
				MARKETING_VERSION = 1.0;
				PRODUCT_BUNDLE_IDENTIFIER = "test.SwiftUI-Weather-TutorialTests";
				PRODUCT_NAME = "$(TARGET_NAME)";
				SWIFT_EMIT_LOC_STRINGS = NO;
				SWIFT_VERSION = 5.0;
				TARGETED_DEVICE_FAMILY = "1,2";
				TEST_HOST = "$(BUILT_PRODUCTS_DIR)/SwiftUI-Weather-Tutorial.app/$(BUNDLE_EXECUTABLE_FOLDER_PATH)/SwiftUI-Weather-Tutorial";
			};
			name = Release;
		};
		CF0FFCF42BEFAD5100224F7B /* Debug */ = {
			isa = XCBuildConfiguration;
			buildSettings = {
				ALWAYS_EMBED_SWIFT_STANDARD_LIBRARIES = YES;
				CODE_SIGN_STYLE = Automatic;
				CURRENT_PROJECT_VERSION = 1;
				GENERATE_INFOPLIST_FILE = YES;
				MARKETING_VERSION = 1.0;
				PRODUCT_BUNDLE_IDENTIFIER = "test.SwiftUI-Weather-TutorialUITests";
				PRODUCT_NAME = "$(TARGET_NAME)";
				SWIFT_EMIT_LOC_STRINGS = NO;
				SWIFT_VERSION = 5.0;
				TARGETED_DEVICE_FAMILY = "1,2";
				TEST_TARGET_NAME = "SwiftUI-Weather-Tutorial";
			};
			name = Debug;
		};
		CF0FFCF52BEFAD5100224F7B /* Release */ = {
			isa = XCBuildConfiguration;
			buildSettings = {
				ALWAYS_EMBED_SWIFT_STANDARD_LIBRARIES = YES;
				CODE_SIGN_STYLE = Automatic;
				CURRENT_PROJECT_VERSION = 1;
				GENERATE_INFOPLIST_FILE = YES;
				MARKETING_VERSION = 1.0;
				PRODUCT_BUNDLE_IDENTIFIER = "test.SwiftUI-Weather-TutorialUITests";
				PRODUCT_NAME = "$(TARGET_NAME)";
				SWIFT_EMIT_LOC_STRINGS = NO;
				SWIFT_VERSION = 5.0;
				TARGETED_DEVICE_FAMILY = "1,2";
				TEST_TARGET_NAME = "SwiftUI-Weather-Tutorial";
			};
			name = Release;
		};
/* End XCBuildConfiguration section */

/* Begin XCConfigurationList section */
		CF0FFCC42BEFAD5000224F7B /* Build configuration list for PBXProject "SwiftUI-Weather-Tutorial" */ = {
			isa = XCConfigurationList;
			buildConfigurations = (
				CF0FFCEB2BEFAD5100224F7B /* Debug */,
				CF0FFCEC2BEFAD5100224F7B /* Release */,
			);
			defaultConfigurationIsVisible = 0;
			defaultConfigurationName = Release;
		};
		CF0FFCED2BEFAD5100224F7B /* Build configuration list for PBXNativeTarget "SwiftUI-Weather-Tutorial" */ = {
			isa = XCConfigurationList;
			buildConfigurations = (
				CF0FFCEE2BEFAD5100224F7B /* Debug */,
				CF0FFCEF2BEFAD5100224F7B /* Release */,
			);
			defaultConfigurationIsVisible = 0;
			defaultConfigurationName = Release;
		};
		CF0FFCF02BEFAD5100224F7B /* Build configuration list for PBXNativeTarget "SwiftUI-Weather-TutorialTests" */ = {
			isa = XCConfigurationList;
			buildConfigurations = (
				CF0FFCF12BEFAD5100224F7B /* Debug */,
				CF0FFCF22BEFAD5100224F7B /* Release */,
			);
			defaultConfigurationIsVisible = 0;
			defaultConfigurationName = Release;
		};
		CF0FFCF32BEFAD5100224F7B /* Build configuration list for PBXNativeTarget "SwiftUI-Weather-TutorialUITests" */ = {
			isa = XCConfigurationList;
			buildConfigurations = (
				CF0FFCF42BEFAD5100224F7B /* Debug */,
				CF0FFCF52BEFAD5100224F7B /* Release */,
			);
			defaultConfigurationIsVisible = 0;
			defaultConfigurationName = Release;
		};
/* End XCConfigurationList section */
	};
	rootObject = CF0FFCC12BEFAD5000224F7B /* Project object */;
}
